{
  "nodes": {
    "disko": {
      "inputs": {
        "nixpkgs": ["nixpkgs"]
      },
      "locked": {
        "lastModified": 1708910350,
        "narHash": "sha256-cTuJVlOm05aQFIgGuYikgkrI61P2vTO2OfXwIRWEzUg=",
        "owner": "nix-community",
        "repo": "disko",
        "rev": "a13f36255cf4ce99cc4236a34251c2e7106e101d",
        "type": "github"
      },
      "original": {
        "owner": "nix-community",
        "repo": "disko",
        "type": "github"
      }
    },
    "nixpkgs": {
      "locked": {
        "lastModified": 1709038661,
        "narHash": "sha256-Ys611iT6pChGv954aa4f8oKoDKJG3IXjJjPhnj6uaLY=",
        "owner": "NixOS",
        "repo": "nixpkgs",
        "rev": "8520c158aee718c6e87b56881105fc4223c3c723",
        "type": "github"
      },
      "original": {
        "owner": "NixOS",
        "ref": "nixpkgs-unstable",
        "repo": "nixpkgs",
        "type": "github"
      }
    },
    "root": {
      "inputs": {
        "disko": "disko",
        "nixpkgs": "nixpkgs"
      }
    }
  },
  "root": "root",
  "version": 7
}
